
Microsoft Visual Studio Solution File, Format Version 12.00
# Visual Studio Version 17
VisualStudioVersion = 17.14.36518.9 d17.14
MinimumVisualStudioVersion = 10.0.40219.1
Project("{FAE04EC0-301F-11D3-BF4B-00C04F79EFBC}") = "AgentManagerPlugin", "WinTAK Plugin (5.0)_AgentManager\AgentManagerPlugin.csproj", "{DF39E53D-229C-4946-A80D-46579625591E}"
EndProject
Global
	GlobalSection(SolutionConfigurationPlatforms) = preSolution
		Debug|x64 = Debug|x64
		Release|x64 = Release|x64
	EndGlobalSection
	GlobalSection(ProjectConfigurationPlatforms) = postSolution
		{DF39E53D-229C-4946-A80D-46579625591E}.Debug|x64.ActiveCfg = Debug|x64
		{DF39E53D-229C-4946-A80D-46579625591E}.Debug|x64.Build.0 = Debug|x64
		{DF39E53D-229C-4946-A80D-46579625591E}.Release|x64.ActiveCfg = Release|x64
		{DF39E53D-229C-4946-A80D-46579625591E}.Release|x64.Build.0 = Release|x64
	EndGlobalSection
	GlobalSection(SolutionProperties) = preSolution
		HideSolutionNode = FALSE
	EndGlobalSection
	GlobalSection(ExtensibilityGlobals) = postSolution
		SolutionGuid = {E2B1823A-0C60-4BDA-947D-2D593CE6B294}
	EndGlobalSection
EndGlobal
